// !$*UTF8*$!
{
	archiveVersion = 1;
	classes = {
	};
	objectVersion = 50;
	objects = {

/* Begin PBXBuildFile section */
		B941DCDA249B291600E74579 /* AppDelegate.swift in Sources */ = {isa = PBXBuildFile; fileRef = B941DCD9249B291600E74579 /* AppDelegate.swift */; };
		B941DCDC249B291600E74579 /* SceneDelegate.swift in Sources */ = {isa = PBXBuildFile; fileRef = B941DCDB249B291600E74579 /* SceneDelegate.swift */; };
		B941DCDE249B291600E74579 /* TableViewController.swift in Sources */ = {isa = PBXBuildFile; fileRef = B941DCDD249B291600E74579 /* TableViewController.swift */; };
		B941DCE1249B291600E74579 /* Main.storyboard in Resources */ = {isa = PBXBuildFile; fileRef = B941DCDF249B291600E74579 /* Main.storyboard */; };
		B941DCE3249B291800E74579 /* Assets.xcassets in Resources */ = {isa = PBXBuildFile; fileRef = B941DCE2249B291800E74579 /* Assets.xcassets */; };
		B941DCE6249B291800E74579 /* LaunchScreen.storyboard in Resources */ = {isa = PBXBuildFile; fileRef = B941DCE4249B291800E74579 /* LaunchScreen.storyboard */; };
/* End PBXBuildFile section */

/* Begin PBXFileReference section */
		B941DCD6249B291600E74579 /* SortableTableViewBugDemo.app */ = {isa = PBXFileReference; explicitFileType = wrapper.application; includeInIndex = 0; path = SortableTableViewBugDemo.app; sourceTree = BUILT_PRODUCTS_DIR; };
		B941DCD9249B291600E74579 /* AppDelegate.swift */ = {isa = PBXFileReference; lastKnownFileType = sourcecode.swift; path = AppDelegate.swift; sourceTree = "<group>"; };
		B941DCDB249B291600E74579 /* SceneDelegate.swift */ = {isa = PBXFileReference; lastKnownFileType = sourcecode.swift; path = SceneDelegate.swift; sourceTree = "<group>"; };
		B941DCDD249B291600E74579 /* TableViewController.swift */ = {isa = PBXFileReference; lastKnownFileType = sourcecode.swift; path = TableViewController.swift; sourceTree = "<group>"; };
		B941DCE0249B291600E74579 /* Base */ = {isa = PBXFileReference; lastKnownFileType = file.storyboard; name = Base; path = Base.lproj/Main.storyboard; sourceTree = "<group>"; };
		B941DCE2249B291800E74579 /* Assets.xcassets */ = {isa = PBXFileReference; lastKnownFileType = folder.assetcatalog; path = Assets.xcassets; sourceTree = "<group>"; };
		B941DCE5249B291800E74579 /* Base */ = {isa = PBXFileReference; lastKnownFileType = file.storyboard; name = Base; path = Base.lproj/LaunchScreen.storyboard; sourceTree = "<group>"; };
		B941DCE7249B291800E74579 /* Info.plist */ = {isa = PBXFileReference; lastKnownFileType = text.plist.xml; path = Info.plist; sourceTree = "<group>"; };
/* End PBXFileReference section */

/* Begin PBXFrameworksBuildPhase section */
		B941DCD3249B291600E74579 /* Frameworks */ = {
			isa = PBXFrameworksBuildPhase;
			buildActionMask = 2147483647;
			files = (
			);
			runOnlyForDeploymentPostprocessing = 0;
		};
/* End PBXFrameworksBuildPhase section */

/* Begin PBXGroup section */
		B941DCCD249B291600E74579 = {
			isa = PBXGroup;
			children = (
				B941DCD8249B291600E74579 /* SortableTableViewBugDemo */,
				B941DCD7249B291600E74579 /* Products */,
			);
			sourceTree = "<group>";
		};
		B941DCD7249B291600E74579 /* Products */ = {
			isa = PBXGroup;
			children = (
				B941DCD6249B291600E74579 /* SortableTableViewBugDemo.app */,
			);
			name = Products;
			sourceTree = "<group>";
		};
		B941DCD8249B291600E74579 /* SortableTableViewBugDemo */ = {
			isa = PBXGroup;
			children = (
				B941DCD9249B291600E74579 /* AppDelegate.swift */,
				B941DCDB249B291600E74579 /* SceneDelegate.swift */,
				B941DCDD249B291600E74579 /* TableViewController.swift */,
				B941DCDF249B291600E74579 /* Main.storyboard */,
				B941DCE2249B291800E74579 /* Assets.xcassets */,
				B941DCE4249B291800E74579 /* LaunchScreen.storyboard */,
				B941DCE7249B291800E74579 /* Info.plist */,
			);
			path = SortableTableViewBugDemo;
			sourceTree = "<group>";
		};
/* End PBXGroup section */

/* Begin PBXNativeTarget section */
		B941DCD5249B291600E74579 /* SortableTableViewBugDemo */ = {
			isa = PBXNativeTarget;
			buildConfigurationList = B941DCEA249B291800E74579 /* Build configuration list for PBXNativeTarget "SortableTableViewBugDemo" */;
			buildPhases = (
				B941DCD2249B291600E74579 /* Sources */,
				B941DCD3249B291600E74579 /* Frameworks */,
				B941DCD4249B291600E74579 /* Resources */,
			);
			buildRules = (
			);
			dependencies = (
			);
			name = SortableTableViewBugDemo;
			productName = SortableTableViewBugDemo;
			productReference = B941DCD6249B291600E74579 /* SortableTableViewBugDemo.app */;
			productType = "com.apple.product-type.application";
		};
/* End PBXNativeTarget section */

/* Begin PBXProject section */
		B941DCCE249B291600E74579 /* Project object */ = {
			isa = PBXProject;
			attributes = {
				LastSwiftUpdateCheck = 1150;
				LastUpgradeCheck = 1150;
				ORGANIZATIONNAME = "Kyusaku Mihara";
				TargetAttributes = {
					B941DCD5249B291600E74579 = {
						CreatedOnToolsVersion = 11.5;
					};
				};
			};
			buildConfigurationList = B941DCD1249B291600E74579 /* Build configuration list for PBXProject "SortableTableViewBugDemo" */;
			compatibilityVersion = "Xcode 9.3";
			developmentRegion = en;
			hasScannedForEncodings = 0;
			knownRegions = (
				en,
				Base,
			);
			mainGroup = B941DCCD249B291600E74579;
			productRefGroup = B941DCD7249B291600E74579 /* Products */;
			projectDirPath = "";
			projectRoot = "";
			targets = (
				B941DCD5249B291600E74579 /* SortableTableViewBugDemo */,
			);
		};
/* End PBXProject section */

/* Begin PBXResourcesBuildPhase section */
		B941DCD4249B291600E74579 /* Resources */ = {
			isa = PBXResourcesBuildPhase;
			buildActionMask = 2147483647;
			files = (
				B941DCE6249B291800E74579 /* LaunchScreen.storyboard in Resources */,
				B941DCE3249B291800E74579 /* Assets.xcassets in Resources */,
				B941DCE1249B291600E74579 /* Main.storyboard in Resources */,
			);
			runOnlyForDeploymentPostprocessing = 0;
		};
/* End PBXResourcesBuildPhase section */

/* Begin PBXSourcesBuildPhase section */
		B941DCD2249B291600E74579 /* Sources */ = {
			isa = PBXSourcesBuildPhase;
			buildActionMask = 2147483647;
			files = (
				B941DCDE249B291600E74579 /* TableViewController.swift in Sources */,
				B941DCDA249B291600E74579 /* AppDelegate.swift in Sources */,
				B941DCDC249B291600E74579 /* SceneDelegate.swift in Sources */,
			);
			runOnlyForDeploymentPostprocessing = 0;
		};
/* End PBXSourcesBuildPhase section */

/* Begin PBXVariantGroup section */
		B941DCDF249B291600E74579 /* Main.storyboard */ = {
			isa = PBXVariantGroup;
			children = (
				B941DCE0249B291600E74579 /* Base */,
			);
			name = Main.storyboard;
			sourceTree = "<group>";
		};
		B941DCE4249B291800E74579 /* LaunchScreen.storyboard */ = {
			isa = PBXVariantGroup;
			children = (
				B941DCE5249B291800E74579 /* Base */,
			);
			name = LaunchScreen.storyboard;
			sourceTree = "<group>";
		};
/* End PBXVariantGroup section */

/* Begin XCBuildConfiguration section */
		B941DCE8249B291800E74579 /* Debug */ = {
			isa = XCBuildConfiguration;
			buildSettings = {
				ALWAYS_SEARCH_USER_PATHS = NO;
				CLANG_ANALYZER_NONNULL = YES;
				CLANG_ANALYZER_NUMBER_OBJECT_CONVERSION = YES_AGGRESSIVE;
				CLANG_CXX_LANGUAGE_STANDARD = "gnu++14";
				CLANG_CXX_LIBRARY = "libc++";
				CLANG_ENABLE_MODULES = YES;
				CLANG_ENABLE_OBJC_ARC = YES;
				CLANG_ENABLE_OBJC_WEAK = YES;
				CLANG_WARN_BLOCK_CAPTURE_AUTORELEASING = YES;
				CLANG_WARN_BOOL_CONVERSION = YES;
				CLANG_WARN_COMMA = YES;
				CLANG_WARN_CONSTANT_CONVERSION = YES;
				CLANG_WARN_DEPRECATED_OBJC_IMPLEMENTATIONS = YES;
				CLANG_WARN_DIRECT_OBJC_ISA_USAGE = YES_ERROR;
				CLANG_WARN_DOCUMENTATION_COMMENTS = YES;
				CLANG_WARN_EMPTY_BODY = YES;
				CLANG_WARN_ENUM_CONVERSION = YES;
				CLANG_WARN_INFINITE_RECURSION = YES;
				CLANG_WARN_INT_CONVERSION = YES;
				CLANG_WARN_NON_LITERAL_NULL_CONVERSION = YES;
				CLANG_WARN_OBJC_IMPLICIT_RETAIN_SELF = YES;
				CLANG_WARN_OBJC_LITERAL_CONVERSION = YES;
				CLANG_WARN_OBJC_ROOT_CLASS = YES_ERROR;
				CLANG_WARN_RANGE_LOOP_ANALYSIS = YES;
				CLANG_WARN_STRICT_PROTOTYPES = YES;
				CLANG_WARN_SUSPICIOUS_MOVE = YES;
				CLANG_WARN_UNGUARDED_AVAILABILITY = YES_AGGRESSIVE;
				CLANG_WARN_UNREACHABLE_CODE = YES;
				CLANG_WARN__DUPLICATE_METHOD_MATCH = YES;
				COPY_PHASE_STRIP = NO;
				DEBUG_INFORMATION_FORMAT = dwarf;
				ENABLE_STRICT_OBJC_MSGSEND = YES;
				ENABLE_TESTABILITY = YES;
				GCC_C_LANGUAGE_STANDARD = gnu11;
				GCC_DYNAMIC_NO_PIC = NO;
				GCC_NO_COMMON_BLOCKS = YES;
				GCC_OPTIMIZATION_LEVEL = 0;
				GCC_PREPROCESSOR_DEFINITIONS = (
					"DEBUG=1",
					"$(inherited)",
				);
				GCC_WARN_64_TO_32_BIT_CONVERSION = YES;
				GCC_WARN_ABOUT_RETURN_TYPE = YES_ERROR;
				GCC_WARN_UNDECLARED_SELECTOR = YES;
				GCC_WARN_UNINITIALIZED_AUTOS = YES_AGGRESSIVE;
				GCC_WARN_UNUSED_FUNCTION = YES;
				GCC_WARN_UNUSED_VARIABLE = YES;
				IPHONEOS_DEPLOYMENT_TARGET = 13.5;
				MTL_ENABLE_DEBUG_INFO = INCLUDE_SOURCE;
				MTL_FAST_MATH = YES;
				ONLY_ACTIVE_ARCH = YES;
				SDKROOT = iphoneos;
				SWIFT_ACTIVE_COMPILATION_CONDITIONS = DEBUG;
				SWIFT_OPTIMIZATION_LEVEL = "-Onone";
			};
			name = Debug;
		};
		B941DCE9249B291800E74579 /* Release */ = {
			isa = XCBuildConfiguration;
			buildSettings = {
				ALWAYS_SEARCH_USER_PATHS = NO;
				CLANG_ANALYZER_NONNULL = YES;
				CLANG_ANALYZER_NUMBER_OBJECT_CONVERSION = YES_AGGRESSIVE;
				CLANG_CXX_LANGUAGE_STANDARD = "gnu++14";
				CLANG_CXX_LIBRARY = "libc++";
				CLANG_ENABLE_MODULES = YES;
				CLANG_ENABLE_OBJC_ARC = YES;
				CLANG_ENABLE_OBJC_WEAK = YES;
				CLANG_WARN_BLOCK_CAPTURE_AUTORELEASING = YES;
				CLANG_WARN_BOOL_CONVERSION = YES;
				CLANG_WARN_COMMA = YES;
				CLANG_WARN_CONSTANT_CONVERSION = YES;
				CLANG_WARN_DEPRECATED_OBJC_IMPLEMENTATIONS = YES;
				CLANG_WARN_DIRECT_OBJC_ISA_USAGE = YES_ERROR;
				CLANG_WARN_DOCUMENTATION_COMMENTS = YES;
				CLANG_WARN_EMPTY_BODY = YES;
				CLANG_WARN_ENUM_CONVERSION = YES;
				CLANG_WARN_INFINITE_RECURSION = YES;
				CLANG_WARN_INT_CONVERSION = YES;
				CLANG_WARN_NON_LITERAL_NULL_CONVERSION = YES;
				CLANG_WARN_OBJC_IMPLICIT_RETAIN_SELF = YES;
				CLANG_WARN_OBJC_LITERAL_CONVERSION = YES;
				CLANG_WARN_OBJC_ROOT_CLASS = YES_ERROR;
				CLANG_WARN_RANGE_LOOP_ANALYSIS = YES;
				CLANG_WARN_STRICT_PROTOTYPES = YES;
				CLANG_WARN_SUSPICIOUS_MOVE = YES;
				CLANG_WARN_UNGUARDED_AVAILABILITY = YES_AGGRESSIVE;
				CLANG_WARN_UNREACHABLE_CODE = YES;
				CLANG_WARN__DUPLICATE_METHOD_MATCH = YES;
				COPY_PHASE_STRIP = NO;
				DEBUG_INFORMATION_FORMAT = "dwarf-with-dsym";
				ENABLE_NS_ASSERTIONS = NO;
				ENABLE_STRICT_OBJC_MSGSEND = YES;
				GCC_C_LANGUAGE_STANDARD = gnu11;
				GCC_NO_COMMON_BLOCKS = YES;
				GCC_WARN_64_TO_32_BIT_CONVERSION = YES;
				GCC_WARN_ABOUT_RETURN_TYPE = YES_ERROR;
				GCC_WARN_UNDECLARED_SELECTOR = YES;
				GCC_WARN_UNINITIALIZED_AUTOS = YES_AGGRESSIVE;
				GCC_WARN_UNUSED_FUNCTION = YES;
				GCC_WARN_UNUSED_VARIABLE = YES;
				IPHONEOS_DEPLOYMENT_TARGET = 13.5;
				MTL_ENABLE_DEBUG_INFO = NO;
				MTL_FAST_MATH = YES;
				SDKROOT = iphoneos;
				SWIFT_COMPILATION_MODE = wholemodule;
				SWIFT_OPTIMIZATION_LEVEL = "-O";
				VALIDATE_PRODUCT = YES;
			};
			name = Release;
		};
		B941DCEB249B291800E74579 /* Debug */ = {
			isa = XCBuildConfiguration;
			buildSettings = {
				ASSETCATALOG_COMPILER_APPICON_NAME = AppIcon;
				CODE_SIGN_STYLE = Automatic;
				DEVELOPMENT_TEAM = 54T4NBBB2W;
				INFOPLIST_FILE = SortableTableViewBugDemo/Info.plist;
				LD_RUNPATH_SEARCH_PATHS = (
					"$(inherited)",
					"@executable_path/Frameworks",
				);
				PRODUCT_BUNDLE_IDENTIFIER = com.epohsoft.SortableTableViewBugDemo;
				PRODUCT_NAME = "$(TARGET_NAME)";
				SWIFT_VERSION = 5.0;
				TARGETED_DEVICE_FAMILY = "1,2";
			};
			name = Debug;
		};
		B941DCEC249B291800E74579 /* Release */ = {
			isa = XCBuildConfiguration;
			buildSettings = {
				ASSETCATALOG_COMPILER_APPICON_NAME = AppIcon;
				CODE_SIGN_STYLE = Automatic;
				DEVELOPMENT_TEAM = 54T4NBBB2W;
				INFOPLIST_FILE = SortableTableViewBugDemo/Info.plist;
				LD_RUNPATH_SEARCH_PATHS = (
					"$(inherited)",
					"@executable_path/Frameworks",
				);
				PRODUCT_BUNDLE_IDENTIFIER = com.epohsoft.SortableTableViewBugDemo;
				PRODUCT_NAME = "$(TARGET_NAME)";
				SWIFT_VERSION = 5.0;
				TARGETED_DEVICE_FAMILY = "1,2";
			};
			name = Release;
		};
/* End XCBuildConfiguration section */

/* Begin XCConfigurationList section */
		B941DCD1249B291600E74579 /* Build configuration list for PBXProject "SortableTableViewBugDemo" */ = {
			isa = XCConfigurationList;
			buildConfigurations = (
				B941DCE8249B291800E74579 /* Debug */,
				B941DCE9249B291800E74579 /* Release */,
			);
			defaultConfigurationIsVisible = 0;
			defaultConfigurationName = Release;
		};
		B941DCEA249B291800E74579 /* Build configuration list for PBXNativeTarget "SortableTableViewBugDemo" */ = {
			isa = XCConfigurationList;
			buildConfigurations = (
				B941DCEB249B291800E74579 /* Debug */,
				B941DCEC249B291800E74579 /* Release */,
			);
			defaultConfigurationIsVisible = 0;
			defaultConfigurationName = Release;
		};
/* End XCConfigurationList section */
	};
	rootObject = B941DCCE249B291600E74579 /* Project object */;
}
